
Microsoft Visual Studio Solution File, Format Version 12.00
# Visual Studio Version 17
VisualStudioVersion = 17.3.32819.101
MinimumVisualStudioVersion = 10.0.40219.1
Project("{FAE04EC0-301F-11D3-BF4B-00C04F79EFBC}") = "ServidorConsola", "ServidorConsola.csproj", "{9473BDF2-F29B-43EA-97B5-B3D6D495DB5E}"
EndProject
Global
	GlobalSection(SolutionConfigurationPlatforms) = preSolution
		Debug|Any CPU = Debug|Any CPU
		Release|Any CPU = Release|Any CPU
	EndGlobalSection
	GlobalSection(ProjectConfigurationPlatforms) = postSolution
		{9473BDF2-F29B-43EA-97B5-B3D6D495DB5E}.Debug|Any CPU.ActiveCfg = Debug|Any CPU
		{9473BDF2-F29B-43EA-97B5-B3D6D495DB5E}.Debug|Any CPU.Build.0 = Debug|Any CPU
		{9473BDF2-F29B-43EA-97B5-B3D6D495DB5E}.Release|Any CPU.ActiveCfg = Release|Any CPU
		{9473BDF2-F29B-43EA-97B5-B3D6D495DB5E}.Release|Any CPU.Build.0 = Release|Any CPU
	EndGlobalSection
	GlobalSection(SolutionProperties) = preSolution
		HideSolutionNode = FALSE
	EndGlobalSection
	GlobalSection(ExtensibilityGlobals) = postSolution
		SolutionGuid = {31C30972-58F7-4450-B361-586484A40E37}
	EndGlobalSection
EndGlobal
